
Microsoft Visual Studio Solution File, Format Version 12.00
# Visual Studio 2013
Project("{FAE04EC0-301F-11D3-BF4B-00C04F79EFBC}") = "UnityVS.RVOForUnity.CSharp", "UnityVS.RVOForUnity.CSharp.csproj", "{BB595053-83A6-EEDE-57CD-534DDFC4D773}"
EndProject
Project("{FAE04EC0-301F-11D3-BF4B-00C04F79EFBC}") = "UnityVS.RVOForUnity.CSharp.Editor", "UnityVS.RVOForUnity.CSharp.Editor.csproj", "{44907B76-9729-A383-8B37-A78D647E700A}"
EndProject
Global
	GlobalSection(SolutionConfigurationPlatforms) = preSolution
		Debug|Any CPU = Debug|Any CPU
		Release|Any CPU = Release|Any CPU
	EndGlobalSection
	GlobalSection(ProjectConfigurationPlatforms) = postSolution
		{BB595053-83A6-EEDE-57CD-534DDFC4D773}.Debug|Any CPU.ActiveCfg = Debug|Any CPU
		{BB595053-83A6-EEDE-57CD-534DDFC4D773}.Debug|Any CPU.Build.0 = Debug|Any CPU
		{BB595053-83A6-EEDE-57CD-534DDFC4D773}.Release|Any CPU.ActiveCfg = Release|Any CPU
		{BB595053-83A6-EEDE-57CD-534DDFC4D773}.Release|Any CPU.Build.0 = Release|Any CPU
		{44907B76-9729-A383-8B37-A78D647E700A}.Debug|Any CPU.ActiveCfg = Debug|Any CPU
		{44907B76-9729-A383-8B37-A78D647E700A}.Debug|Any CPU.Build.0 = Debug|Any CPU
		{44907B76-9729-A383-8B37-A78D647E700A}.Release|Any CPU.ActiveCfg = Release|Any CPU
		{44907B76-9729-A383-8B37-A78D647E700A}.Release|Any CPU.Build.0 = Release|Any CPU
	EndGlobalSection
	GlobalSection(SolutionProperties) = preSolution
		HideSolutionNode = FALSE
	EndGlobalSection
EndGlobal
